
Microsoft Visual Studio Solution File, Format Version 12.00
# Visual Studio Version 17
VisualStudioVersion = 17.9.34728.123
MinimumVisualStudioVersion = 10.0.40219.1
Project("{FAE04EC0-301F-11D3-BF4B-00C04F79EFBC}") = "OOP_1_Fabrikant_T.R_231-333", "OOP_1_Fabrikant_T.R_231-333.csproj", "{C3AD2149-3830-4CFA-AF37-392F79FA405D}"
EndProject
Global
	GlobalSection(SolutionConfigurationPlatforms) = preSolution
		Debug|Any CPU = Debug|Any CPU
		Release|Any CPU = Release|Any CPU
	EndGlobalSection
	GlobalSection(ProjectConfigurationPlatforms) = postSolution
		{C3AD2149-3830-4CFA-AF37-392F79FA405D}.Debug|Any CPU.ActiveCfg = Debug|Any CPU
		{C3AD2149-3830-4CFA-AF37-392F79FA405D}.Debug|Any CPU.Build.0 = Debug|Any CPU
		{C3AD2149-3830-4CFA-AF37-392F79FA405D}.Release|Any CPU.ActiveCfg = Release|Any CPU
		{C3AD2149-3830-4CFA-AF37-392F79FA405D}.Release|Any CPU.Build.0 = Release|Any CPU
	EndGlobalSection
	GlobalSection(SolutionProperties) = preSolution
		HideSolutionNode = FALSE
	EndGlobalSection
	GlobalSection(ExtensibilityGlobals) = postSolution
		SolutionGuid = {B535DD08-E703-4049-B120-867B8887C3B1}
	EndGlobalSection
EndGlobal
