
Microsoft Visual Studio Solution File, Format Version 12.00
# Visual Studio Version 17
VisualStudioVersion = 17.11.35222.181
MinimumVisualStudioVersion = 10.0.40219.1
Project("{FAE04EC0-301F-11D3-BF4B-00C04F79EFBC}") = "OOP_4_Fabrikant_T.R_231-333", "OOP_4_Fabrikant_T.R_231-333.csproj", "{0266574E-8A96-4A9F-919D-99E9D6C182E1}"
EndProject
Global
	GlobalSection(SolutionConfigurationPlatforms) = preSolution
		Debug|Any CPU = Debug|Any CPU
		Release|Any CPU = Release|Any CPU
	EndGlobalSection
	GlobalSection(ProjectConfigurationPlatforms) = postSolution
		{0266574E-8A96-4A9F-919D-99E9D6C182E1}.Debug|Any CPU.ActiveCfg = Debug|Any CPU
		{0266574E-8A96-4A9F-919D-99E9D6C182E1}.Debug|Any CPU.Build.0 = Debug|Any CPU
		{0266574E-8A96-4A9F-919D-99E9D6C182E1}.Release|Any CPU.ActiveCfg = Release|Any CPU
		{0266574E-8A96-4A9F-919D-99E9D6C182E1}.Release|Any CPU.Build.0 = Release|Any CPU
	EndGlobalSection
	GlobalSection(SolutionProperties) = preSolution
		HideSolutionNode = FALSE
	EndGlobalSection
	GlobalSection(ExtensibilityGlobals) = postSolution
		SolutionGuid = {E5BCBA48-6597-4765-964A-18BF429AAEDB}
	EndGlobalSection
EndGlobal
