
Microsoft Visual Studio Solution File, Format Version 12.00
# Visual Studio Version 17
VisualStudioVersion = 17.11.35222.181
MinimumVisualStudioVersion = 10.0.40219.1
Project("{FAE04EC0-301F-11D3-BF4B-00C04F79EFBC}") = "OOP_7_Fabrikant_T.R_231-333", "OOP_7_Fabrikant_T.R_231-333.csproj", "{4C174257-2212-4C89-BA93-A9CD5CA29D23}"
EndProject
Global
	GlobalSection(SolutionConfigurationPlatforms) = preSolution
		Debug|Any CPU = Debug|Any CPU
		Release|Any CPU = Release|Any CPU
	EndGlobalSection
	GlobalSection(ProjectConfigurationPlatforms) = postSolution
		{4C174257-2212-4C89-BA93-A9CD5CA29D23}.Debug|Any CPU.ActiveCfg = Debug|Any CPU
		{4C174257-2212-4C89-BA93-A9CD5CA29D23}.Debug|Any CPU.Build.0 = Debug|Any CPU
		{4C174257-2212-4C89-BA93-A9CD5CA29D23}.Release|Any CPU.ActiveCfg = Release|Any CPU
		{4C174257-2212-4C89-BA93-A9CD5CA29D23}.Release|Any CPU.Build.0 = Release|Any CPU
	EndGlobalSection
	GlobalSection(SolutionProperties) = preSolution
		HideSolutionNode = FALSE
	EndGlobalSection
	GlobalSection(ExtensibilityGlobals) = postSolution
		SolutionGuid = {F19D0DDB-0AE3-4C61-BDD8-A32A985092DB}
	EndGlobalSection
EndGlobal
